{
  "name": "transferly",
  "version": "1.0.0",
  "lockfileVersion": 3,
  "requires": true,
  "packages": {
    "": {
      "name": "transferly",
      "version": "1.0.0",
      "devDependencies": {
        "@eslint/js": "^9.39.5",
        "globals": "^17.7.0"
      }
    },
    "node_modules/@eslint/js": {
      "version": "9.39.5",
      "resolved": "https://registry.npmjs.org/@eslint/js/-/js-9.39.5.tgz",
      "integrity": "sha512-QywQuszQh77pIXCsq998c8hbhSTI/azTty1Z6N53dmAudKHhy573j3yvRLsX2BSp8YpLtoCEG8E9DJe+8zUh4A==",
      "dev": true,
      "license": "MIT",
      "engines": {
        "node": "^18.18.0 || ^20.9.0 || >=21.1.0"
      },
      "funding": {
        "url": "https://eslint.org/donate"
      }
    },
    "node_modules/globals": {
      "version": "17.7.0",
      "resolved": "https://registry.npmjs.org/globals/-/globals-17.7.0.tgz",
      "integrity": "sha512-Czmyns5dUsq4seFBR/Kdydhmo8y9kC79hiSkPn0YcGtNnYWnrgt0vjrSjx9tspoDGWm2CMarffRuLjM4xUz8xg==",
      "dev": true,
      "license": "MIT",
      "engines": {
        "node": ">=18"
      },
      "funding": {
        "url": "https://github.com/sponsors/sindresorhus"
      }
    }
  }
}
